
Microsoft Visual Studio Solution File, Format Version 12.00
Project("{2150E333-8FDC-42A3-9474-1A3956D46DE8}") = "API", "API", "{47BE8B53-DBDD-4CC9-868E-DEE9D960E7C4}"
EndProject
Project("{2150E333-8FDC-42A3-9474-1A3956D46DE8}") = "UI", "UI", "{DE4E50B0-0F00-4EA0-9722-264A09C950F5}"
EndProject
Project("{FAE04EC0-301F-11D3-BF4B-00C04F79EFBC}") = "API", "API\API.csproj", "{CEF1EC8F-719A-485F-AB49-B41C99E34D3E}"
EndProject
Project("{FAE04EC0-301F-11D3-BF4B-00C04F79EFBC}") = "WebApp", "WebApp\WebApp.csproj", "{499D1872-C5ED-4570-95E5-A9B0FDC6134E}"
EndProject
Global
	GlobalSection(SolutionConfigurationPlatforms) = preSolution
		Debug|Any CPU = Debug|Any CPU
		Release|Any CPU = Release|Any CPU
	EndGlobalSection
	GlobalSection(NestedProjects) = preSolution
		{CEF1EC8F-719A-485F-AB49-B41C99E34D3E} = {47BE8B53-DBDD-4CC9-868E-DEE9D960E7C4}
		{499D1872-C5ED-4570-95E5-A9B0FDC6134E} = {DE4E50B0-0F00-4EA0-9722-264A09C950F5}
	EndGlobalSection
	GlobalSection(ProjectConfigurationPlatforms) = postSolution
		{CEF1EC8F-719A-485F-AB49-B41C99E34D3E}.Debug|Any CPU.ActiveCfg = Debug|Any CPU
		{CEF1EC8F-719A-485F-AB49-B41C99E34D3E}.Debug|Any CPU.Build.0 = Debug|Any CPU
		{CEF1EC8F-719A-485F-AB49-B41C99E34D3E}.Release|Any CPU.ActiveCfg = Release|Any CPU
		{CEF1EC8F-719A-485F-AB49-B41C99E34D3E}.Release|Any CPU.Build.0 = Release|Any CPU
		{499D1872-C5ED-4570-95E5-A9B0FDC6134E}.Debug|Any CPU.ActiveCfg = Debug|Any CPU
		{499D1872-C5ED-4570-95E5-A9B0FDC6134E}.Debug|Any CPU.Build.0 = Debug|Any CPU
		{499D1872-C5ED-4570-95E5-A9B0FDC6134E}.Release|Any CPU.ActiveCfg = Release|Any CPU
		{499D1872-C5ED-4570-95E5-A9B0FDC6134E}.Release|Any CPU.Build.0 = Release|Any CPU
	EndGlobalSection
EndGlobal
